// !$*UTF8*$!
{
	archiveVersion = 1;
	classes = {
	};
	objectVersion = 51;
	objects = {

/* Begin PBXBuildFile section */
		174C8B6858F5069F7698ED91 /* Pods_KeepCompany_KeepCompanyUITests.framework in Frameworks */ = {isa = PBXBuildFile; fileRef = 736821D584B150ED8A5990D5 /* Pods_KeepCompany_KeepCompanyUITests.framework */; };
		6D035871766CFE379CD2D276 /* Pods_KeepCompanyTests.framework in Frameworks */ = {isa = PBXBuildFile; fileRef = 761B64310CC178083E621EBE /* Pods_KeepCompanyTests.framework */; };
		8A5DF54DDEDF3D6B68303F07 /* Pods_KeepCompany.framework in Frameworks */ = {isa = PBXBuildFile; fileRef = CC300DDE65752A9B8F3EF509 /* Pods_KeepCompany.framework */; };
		FFDF7F9925F030A800299892 /* KeepCompanyApp.swift in Sources */ = {isa = PBXBuildFile; fileRef = FFDF7F9825F030A800299892 /* KeepCompanyApp.swift */; };
		FFDF7F9B25F030A800299892 /* ContentView.swift in Sources */ = {isa = PBXBuildFile; fileRef = FFDF7F9A25F030A800299892 /* ContentView.swift */; };
		FFDF7F9D25F030A900299892 /* Assets.xcassets in Resources */ = {isa = PBXBuildFile; fileRef = FFDF7F9C25F030A900299892 /* Assets.xcassets */; };
		FFDF7FA025F030A900299892 /* Preview Assets.xcassets in Resources */ = {isa = PBXBuildFile; fileRef = FFDF7F9F25F030A900299892 /* Preview Assets.xcassets */; };
		FFDF7FAB25F030A900299892 /* KeepCompanyTests.swift in Sources */ = {isa = PBXBuildFile; fileRef = FFDF7FAA25F030A900299892 /* KeepCompanyTests.swift */; };
		FFDF7FB625F030A900299892 /* KeepCompanyUITests.swift in Sources */ = {isa = PBXBuildFile; fileRef = FFDF7FB525F030A900299892 /* KeepCompanyUITests.swift */; };
/* End PBXBuildFile section */

/* Begin PBXContainerItemProxy section */
		FFDF7FA725F030A900299892 /* PBXContainerItemProxy */ = {
			isa = PBXContainerItemProxy;
			containerPortal = FFDF7F8D25F030A800299892 /* Project object */;
			proxyType = 1;
			remoteGlobalIDString = FFDF7F9425F030A800299892;
			remoteInfo = KeepCompany;
		};
		FFDF7FB225F030A900299892 /* PBXContainerItemProxy */ = {
			isa = PBXContainerItemProxy;
			containerPortal = FFDF7F8D25F030A800299892 /* Project object */;
			proxyType = 1;
			remoteGlobalIDString = FFDF7F9425F030A800299892;
			remoteInfo = KeepCompany;
		};
/* End PBXContainerItemProxy section */

/* Begin PBXFileReference section */
		404034C217015408CDDA9B7C /* Pods-KeepCompanyTests.release.xcconfig */ = {isa = PBXFileReference; includeInIndex = 1; lastKnownFileType = text.xcconfig; name = "Pods-KeepCompanyTests.release.xcconfig"; path = "Target Support Files/Pods-KeepCompanyTests/Pods-KeepCompanyTests.release.xcconfig"; sourceTree = "<group>"; };
		415C4A14A58B5A6C34029839 /* Pods-KeepCompany-KeepCompanyUITests.debug.xcconfig */ = {isa = PBXFileReference; includeInIndex = 1; lastKnownFileType = text.xcconfig; name = "Pods-KeepCompany-KeepCompanyUITests.debug.xcconfig"; path = "Target Support Files/Pods-KeepCompany-KeepCompanyUITests/Pods-KeepCompany-KeepCompanyUITests.debug.xcconfig"; sourceTree = "<group>"; };
		736821D584B150ED8A5990D5 /* Pods_KeepCompany_KeepCompanyUITests.framework */ = {isa = PBXFileReference; explicitFileType = wrapper.framework; includeInIndex = 0; path = Pods_KeepCompany_KeepCompanyUITests.framework; sourceTree = BUILT_PRODUCTS_DIR; };
		761B64310CC178083E621EBE /* Pods_KeepCompanyTests.framework */ = {isa = PBXFileReference; explicitFileType = wrapper.framework; includeInIndex = 0; path = Pods_KeepCompanyTests.framework; sourceTree = BUILT_PRODUCTS_DIR; };
		7F381F264B7AEA919EDE5DF3 /* Pods-KeepCompany-KeepCompanyUITests.release.xcconfig */ = {isa = PBXFileReference; includeInIndex = 1; lastKnownFileType = text.xcconfig; name = "Pods-KeepCompany-KeepCompanyUITests.release.xcconfig"; path = "Target Support Files/Pods-KeepCompany-KeepCompanyUITests/Pods-KeepCompany-KeepCompanyUITests.release.xcconfig"; sourceTree = "<group>"; };
		97D76E4C9F43E776393DA3CE /* Pods-KeepCompanyTests.debug.xcconfig */ = {isa = PBXFileReference; includeInIndex = 1; lastKnownFileType = text.xcconfig; name = "Pods-KeepCompanyTests.debug.xcconfig"; path = "Target Support Files/Pods-KeepCompanyTests/Pods-KeepCompanyTests.debug.xcconfig"; sourceTree = "<group>"; };
		C1F78BF54321D385619A07C4 /* Pods-KeepCompany.release.xcconfig */ = {isa = PBXFileReference; includeInIndex = 1; lastKnownFileType = text.xcconfig; name = "Pods-KeepCompany.release.xcconfig"; path = "Target Support Files/Pods-KeepCompany/Pods-KeepCompany.release.xcconfig"; sourceTree = "<group>"; };
		CC300DDE65752A9B8F3EF509 /* Pods_KeepCompany.framework */ = {isa = PBXFileReference; explicitFileType = wrapper.framework; includeInIndex = 0; path = Pods_KeepCompany.framework; sourceTree = BUILT_PRODUCTS_DIR; };
		F48A807744034577FAD7F6CA /* Pods-KeepCompany.debug.xcconfig */ = {isa = PBXFileReference; includeInIndex = 1; lastKnownFileType = text.xcconfig; name = "Pods-KeepCompany.debug.xcconfig"; path = "Target Support Files/Pods-KeepCompany/Pods-KeepCompany.debug.xcconfig"; sourceTree = "<group>"; };
		FFDF7F9525F030A800299892 /* KeepCompany.app */ = {isa = PBXFileReference; explicitFileType = wrapper.application; includeInIndex = 0; path = KeepCompany.app; sourceTree = BUILT_PRODUCTS_DIR; };
		FFDF7F9825F030A800299892 /* KeepCompanyApp.swift */ = {isa = PBXFileReference; lastKnownFileType = sourcecode.swift; path = KeepCompanyApp.swift; sourceTree = "<group>"; };
		FFDF7F9A25F030A800299892 /* ContentView.swift */ = {isa = PBXFileReference; lastKnownFileType = sourcecode.swift; path = ContentView.swift; sourceTree = "<group>"; };
		FFDF7F9C25F030A900299892 /* Assets.xcassets */ = {isa = PBXFileReference; lastKnownFileType = folder.assetcatalog; path = Assets.xcassets; sourceTree = "<group>"; };
		FFDF7F9F25F030A900299892 /* Preview Assets.xcassets */ = {isa = PBXFileReference; lastKnownFileType = folder.assetcatalog; path = "Preview Assets.xcassets"; sourceTree = "<group>"; };
		FFDF7FA125F030A900299892 /* Info.plist */ = {isa = PBXFileReference; lastKnownFileType = text.plist.xml; path = Info.plist; sourceTree = "<group>"; };
		FFDF7FA625F030A900299892 /* KeepCompanyTests.xctest */ = {isa = PBXFileReference; explicitFileType = wrapper.cfbundle; includeInIndex = 0; path = KeepCompanyTests.xctest; sourceTree = BUILT_PRODUCTS_DIR; };
		FFDF7FAA25F030A900299892 /* KeepCompanyTests.swift */ = {isa = PBXFileReference; lastKnownFileType = sourcecode.swift; path = KeepCompanyTests.swift; sourceTree = "<group>"; };
		FFDF7FAC25F030A900299892 /* Info.plist */ = {isa = PBXFileReference; lastKnownFileType = text.plist.xml; path = Info.plist; sourceTree = "<group>"; };
		FFDF7FB125F030A900299892 /* KeepCompanyUITests.xctest */ = {isa = PBXFileReference; explicitFileType = wrapper.cfbundle; includeInIndex = 0; path = KeepCompanyUITests.xctest; sourceTree = BUILT_PRODUCTS_DIR; };
		FFDF7FB525F030A900299892 /* KeepCompanyUITests.swift */ = {isa = PBXFileReference; lastKnownFileType = sourcecode.swift; path = KeepCompanyUITests.swift; sourceTree = "<group>"; };
		FFDF7FB725F030A900299892 /* Info.plist */ = {isa = PBXFileReference; lastKnownFileType = text.plist.xml; path = Info.plist; sourceTree = "<group>"; };
/* End PBXFileReference section */

/* Begin PBXFrameworksBuildPhase section */
		FFDF7F9225F030A800299892 /* Frameworks */ = {
			isa = PBXFrameworksBuildPhase;
			buildActionMask = 2147483647;
			files = (
				8A5DF54DDEDF3D6B68303F07 /* Pods_KeepCompany.framework in Frameworks */,
			);
			runOnlyForDeploymentPostprocessing = 0;
		};
		FFDF7FA325F030A900299892 /* Frameworks */ = {
			isa = PBXFrameworksBuildPhase;
			buildActionMask = 2147483647;
			files = (
				6D035871766CFE379CD2D276 /* Pods_KeepCompanyTests.framework in Frameworks */,
			);
			runOnlyForDeploymentPostprocessing = 0;
		};
		FFDF7FAE25F030A900299892 /* Frameworks */ = {
			isa = PBXFrameworksBuildPhase;
			buildActionMask = 2147483647;
			files = (
				174C8B6858F5069F7698ED91 /* Pods_KeepCompany_KeepCompanyUITests.framework in Frameworks */,
			);
			runOnlyForDeploymentPostprocessing = 0;
		};
/* End PBXFrameworksBuildPhase section */

/* Begin PBXGroup section */
		3C50E6629728A5C09C4FE7B1 /* Frameworks */ = {
			isa = PBXGroup;
			children = (
				CC300DDE65752A9B8F3EF509 /* Pods_KeepCompany.framework */,
				736821D584B150ED8A5990D5 /* Pods_KeepCompany_KeepCompanyUITests.framework */,
				761B64310CC178083E621EBE /* Pods_KeepCompanyTests.framework */,
			);
			name = Frameworks;
			sourceTree = "<group>";
		};
		DC1D14C14F2220E7A59B07BD /* Pods */ = {
			isa = PBXGroup;
			children = (
				F48A807744034577FAD7F6CA /* Pods-KeepCompany.debug.xcconfig */,
				C1F78BF54321D385619A07C4 /* Pods-KeepCompany.release.xcconfig */,
				415C4A14A58B5A6C34029839 /* Pods-KeepCompany-KeepCompanyUITests.debug.xcconfig */,
				7F381F264B7AEA919EDE5DF3 /* Pods-KeepCompany-KeepCompanyUITests.release.xcconfig */,
				97D76E4C9F43E776393DA3CE /* Pods-KeepCompanyTests.debug.xcconfig */,
				404034C217015408CDDA9B7C /* Pods-KeepCompanyTests.release.xcconfig */,
			);
			path = Pods;
			sourceTree = "<group>";
		};
		FFDF7F8C25F030A800299892 = {
			isa = PBXGroup;
			children = (
				FFDF7F9725F030A800299892 /* KeepCompany */,
				FFDF7FA925F030A900299892 /* KeepCompanyTests */,
				FFDF7FB425F030A900299892 /* KeepCompanyUITests */,
				FFDF7F9625F030A800299892 /* Products */,
				DC1D14C14F2220E7A59B07BD /* Pods */,
				3C50E6629728A5C09C4FE7B1 /* Frameworks */,
			);
			sourceTree = "<group>";
		};
		FFDF7F9625F030A800299892 /* Products */ = {
			isa = PBXGroup;
			children = (
				FFDF7F9525F030A800299892 /* KeepCompany.app */,
				FFDF7FA625F030A900299892 /* KeepCompanyTests.xctest */,
				FFDF7FB125F030A900299892 /* KeepCompanyUITests.xctest */,
			);
			name = Products;
			sourceTree = "<group>";
		};
		FFDF7F9725F030A800299892 /* KeepCompany */ = {
			isa = PBXGroup;
			children = (
				FFDF7F9825F030A800299892 /* KeepCompanyApp.swift */,
				FFDF7FEA25F0328B00299892 /* Views */,
				FFDF7FE325F0328300299892 /* Helper */,
				FFDF7F9A25F030A800299892 /* ContentView.swift */,
				FFDF7F9C25F030A900299892 /* Assets.xcassets */,
				FFDF7FA125F030A900299892 /* Info.plist */,
				FFDF7F9E25F030A900299892 /* Preview Content */,
			);
			path = KeepCompany;
			sourceTree = "<group>";
		};
		FFDF7F9E25F030A900299892 /* Preview Content */ = {
			isa = PBXGroup;
			children = (
				FFDF7F9F25F030A900299892 /* Preview Assets.xcassets */,
			);
			path = "Preview Content";
			sourceTree = "<group>";
		};
		FFDF7FA925F030A900299892 /* KeepCompanyTests */ = {
			isa = PBXGroup;
			children = (
				FFDF7FAA25F030A900299892 /* KeepCompanyTests.swift */,
				FFDF7FAC25F030A900299892 /* Info.plist */,
			);
			path = KeepCompanyTests;
			sourceTree = "<group>";
		};
		FFDF7FB425F030A900299892 /* KeepCompanyUITests */ = {
			isa = PBXGroup;
			children = (
				FFDF7FB525F030A900299892 /* KeepCompanyUITests.swift */,
				FFDF7FB725F030A900299892 /* Info.plist */,
			);
			path = KeepCompanyUITests;
			sourceTree = "<group>";
		};
		FFDF7FE325F0328300299892 /* Helper */ = {
			isa = PBXGroup;
			children = (
			);
			path = Helper;
			sourceTree = "<group>";
		};
		FFDF7FEA25F0328B00299892 /* Views */ = {
			isa = PBXGroup;
			children = (
			);
			path = Views;
			sourceTree = "<group>";
		};
/* End PBXGroup section */

/* Begin PBXNativeTarget section */
		FFDF7F9425F030A800299892 /* KeepCompany */ = {
			isa = PBXNativeTarget;
			buildConfigurationList = FFDF7FBA25F030A900299892 /* Build configuration list for PBXNativeTarget "KeepCompany" */;
			buildPhases = (
				13CE30C54B3E7CA7F5F23668 /* [CP] Check Pods Manifest.lock */,
				FFDF7F9125F030A800299892 /* Sources */,
				FFDF7F9225F030A800299892 /* Frameworks */,
				FFDF7F9325F030A800299892 /* Resources */,
				44B2985ECD4AB01E2E8DEABD /* [CP] Embed Pods Frameworks */,
			);
			buildRules = (
			);
			dependencies = (
			);
			name = KeepCompany;
			productName = KeepCompany;
			productReference = FFDF7F9525F030A800299892 /* KeepCompany.app */;
			productType = "com.apple.product-type.application";
		};
		FFDF7FA525F030A900299892 /* KeepCompanyTests */ = {
			isa = PBXNativeTarget;
			buildConfigurationList = FFDF7FBD25F030A900299892 /* Build configuration list for PBXNativeTarget "KeepCompanyTests" */;
			buildPhases = (
				82E5FF6653529E51EDB6F28F /* [CP] Check Pods Manifest.lock */,
				FFDF7FA225F030A900299892 /* Sources */,
				FFDF7FA325F030A900299892 /* Frameworks */,
				FFDF7FA425F030A900299892 /* Resources */,
			);
			buildRules = (
			);
			dependencies = (
				FFDF7FA825F030A900299892 /* PBXTargetDependency */,
			);
			name = KeepCompanyTests;
			productName = KeepCompanyTests;
			productReference = FFDF7FA625F030A900299892 /* KeepCompanyTests.xctest */;
			productType = "com.apple.product-type.bundle.unit-test";
		};
		FFDF7FB025F030A900299892 /* KeepCompanyUITests */ = {
			isa = PBXNativeTarget;
			buildConfigurationList = FFDF7FC025F030A900299892 /* Build configuration list for PBXNativeTarget "KeepCompanyUITests" */;
			buildPhases = (
				5CC58D018E89F0A394962C6F /* [CP] Check Pods Manifest.lock */,
				FFDF7FAD25F030A900299892 /* Sources */,
				FFDF7FAE25F030A900299892 /* Frameworks */,
				FFDF7FAF25F030A900299892 /* Resources */,
				75A62E64647F0C974CB26EE9 /* [CP] Embed Pods Frameworks */,
			);
			buildRules = (
			);
			dependencies = (
				FFDF7FB325F030A900299892 /* PBXTargetDependency */,
			);
			name = KeepCompanyUITests;
			productName = KeepCompanyUITests;
			productReference = FFDF7FB125F030A900299892 /* KeepCompanyUITests.xctest */;
			productType = "com.apple.product-type.bundle.ui-testing";
		};
/* End PBXNativeTarget section */

/* Begin PBXProject section */
		FFDF7F8D25F030A800299892 /* Project object */ = {
			isa = PBXProject;
			attributes = {
				LastSwiftUpdateCheck = 1240;
				LastUpgradeCheck = 1240;
				TargetAttributes = {
					FFDF7F9425F030A800299892 = {
						CreatedOnToolsVersion = 12.4;
					};
					FFDF7FA525F030A900299892 = {
						CreatedOnToolsVersion = 12.4;
						TestTargetID = FFDF7F9425F030A800299892;
					};
					FFDF7FB025F030A900299892 = {
						CreatedOnToolsVersion = 12.4;
						TestTargetID = FFDF7F9425F030A800299892;
					};
				};
			};
			buildConfigurationList = FFDF7F9025F030A800299892 /* Build configuration list for PBXProject "KeepCompany" */;
			compatibilityVersion = "Xcode 9.3";
			developmentRegion = en;
			hasScannedForEncodings = 0;
			knownRegions = (
				en,
				Base,
			);
			mainGroup = FFDF7F8C25F030A800299892;
			productRefGroup = FFDF7F9625F030A800299892 /* Products */;
			projectDirPath = "";
			projectRoot = "";
			targets = (
				FFDF7F9425F030A800299892 /* KeepCompany */,
				FFDF7FA525F030A900299892 /* KeepCompanyTests */,
				FFDF7FB025F030A900299892 /* KeepCompanyUITests */,
			);
		};
/* End PBXProject section */

/* Begin PBXResourcesBuildPhase section */
		FFDF7F9325F030A800299892 /* Resources */ = {
			isa = PBXResourcesBuildPhase;
			buildActionMask = 2147483647;
			files = (
				FFDF7FA025F030A900299892 /* Preview Assets.xcassets in Resources */,
				FFDF7F9D25F030A900299892 /* Assets.xcassets in Resources */,
			);
			runOnlyForDeploymentPostprocessing = 0;
		};
		FFDF7FA425F030A900299892 /* Resources */ = {
			isa = PBXResourcesBuildPhase;
			buildActionMask = 2147483647;
			files = (
			);
			runOnlyForDeploymentPostprocessing = 0;
		};
		FFDF7FAF25F030A900299892 /* Resources */ = {
			isa = PBXResourcesBuildPhase;
			buildActionMask = 2147483647;
			files = (
			);
			runOnlyForDeploymentPostprocessing = 0;
		};
/* End PBXResourcesBuildPhase section */

/* Begin PBXShellScriptBuildPhase section */
		13CE30C54B3E7CA7F5F23668 /* [CP] Check Pods Manifest.lock */ = {
			isa = PBXShellScriptBuildPhase;
			buildActionMask = 2147483647;
			files = (
			);
			inputFileListPaths = (
			);
			inputPaths = (
				"${PODS_PODFILE_DIR_PATH}/Podfile.lock",
				"${PODS_ROOT}/Manifest.lock",
			);
			name = "[CP] Check Pods Manifest.lock";
			outputFileListPaths = (
			);
			outputPaths = (
				"$(DERIVED_FILE_DIR)/Pods-KeepCompany-checkManifestLockResult.txt",
			);
			runOnlyForDeploymentPostprocessing = 0;
			shellPath = /bin/sh;
			shellScript = "diff \"${PODS_PODFILE_DIR_PATH}/Podfile.lock\" \"${PODS_ROOT}/Manifest.lock\" > /dev/null\nif [ $? != 0 ] ; then\n    # print error to STDERR\n    echo \"error: The sandbox is not in sync with the Podfile.lock. Run 'pod install' or update your CocoaPods installation.\" >&2\n    exit 1\nfi\n# This output is used by Xcode 'outputs' to avoid re-running this script phase.\necho \"SUCCESS\" > \"${SCRIPT_OUTPUT_FILE_0}\"\n";
			showEnvVarsInLog = 0;
		};
		44B2985ECD4AB01E2E8DEABD /* [CP] Embed Pods Frameworks */ = {
			isa = PBXShellScriptBuildPhase;
			buildActionMask = 2147483647;
			files = (
			);
			inputFileListPaths = (
				"${PODS_ROOT}/Target Support Files/Pods-KeepCompany/Pods-KeepCompany-frameworks-${CONFIGURATION}-input-files.xcfilelist",
			);
			name = "[CP] Embed Pods Frameworks";
			outputFileListPaths = (
				"${PODS_ROOT}/Target Support Files/Pods-KeepCompany/Pods-KeepCompany-frameworks-${CONFIGURATION}-output-files.xcfilelist",
			);
			runOnlyForDeploymentPostprocessing = 0;
			shellPath = /bin/sh;
			shellScript = "\"${PODS_ROOT}/Target Support Files/Pods-KeepCompany/Pods-KeepCompany-frameworks.sh\"\n";
			showEnvVarsInLog = 0;
		};
		5CC58D018E89F0A394962C6F /* [CP] Check Pods Manifest.lock */ = {
			isa = PBXShellScriptBuildPhase;
			buildActionMask = 2147483647;
			files = (
			);
			inputFileListPaths = (
			);
			inputPaths = (
				"${PODS_PODFILE_DIR_PATH}/Podfile.lock",
				"${PODS_ROOT}/Manifest.lock",
			);
			name = "[CP] Check Pods Manifest.lock";
			outputFileListPaths = (
			);
			outputPaths = (
				"$(DERIVED_FILE_DIR)/Pods-KeepCompany-KeepCompanyUITests-checkManifestLockResult.txt",
			);
			runOnlyForDeploymentPostprocessing = 0;
			shellPath = /bin/sh;
			shellScript = "diff \"${PODS_PODFILE_DIR_PATH}/Podfile.lock\" \"${PODS_ROOT}/Manifest.lock\" > /dev/null\nif [ $? != 0 ] ; then\n    # print error to STDERR\n    echo \"error: The sandbox is not in sync with the Podfile.lock. Run 'pod install' or update your CocoaPods installation.\" >&2\n    exit 1\nfi\n# This output is used by Xcode 'outputs' to avoid re-running this script phase.\necho \"SUCCESS\" > \"${SCRIPT_OUTPUT_FILE_0}\"\n";
			showEnvVarsInLog = 0;
		};
		75A62E64647F0C974CB26EE9 /* [CP] Embed Pods Frameworks */ = {
			isa = PBXShellScriptBuildPhase;
			buildActionMask = 2147483647;
			files = (
			);
			inputFileListPaths = (
				"${PODS_ROOT}/Target Support Files/Pods-KeepCompany-KeepCompanyUITests/Pods-KeepCompany-KeepCompanyUITests-frameworks-${CONFIGURATION}-input-files.xcfilelist",
			);
			name = "[CP] Embed Pods Frameworks";
			outputFileListPaths = (
				"${PODS_ROOT}/Target Support Files/Pods-KeepCompany-KeepCompanyUITests/Pods-KeepCompany-KeepCompanyUITests-frameworks-${CONFIGURATION}-output-files.xcfilelist",
			);
			runOnlyForDeploymentPostprocessing = 0;
			shellPath = /bin/sh;
			shellScript = "\"${PODS_ROOT}/Target Support Files/Pods-KeepCompany-KeepCompanyUITests/Pods-KeepCompany-KeepCompanyUITests-frameworks.sh\"\n";
			showEnvVarsInLog = 0;
		};
		82E5FF6653529E51EDB6F28F /* [CP] Check Pods Manifest.lock */ = {
			isa = PBXShellScriptBuildPhase;
			buildActionMask = 2147483647;
			files = (
			);
			inputFileListPaths = (
			);
			inputPaths = (
				"${PODS_PODFILE_DIR_PATH}/Podfile.lock",
				"${PODS_ROOT}/Manifest.lock",
			);
			name = "[CP] Check Pods Manifest.lock";
			outputFileListPaths = (
			);
			outputPaths = (
				"$(DERIVED_FILE_DIR)/Pods-KeepCompanyTests-checkManifestLockResult.txt",
			);
			runOnlyForDeploymentPostprocessing = 0;
			shellPath = /bin/sh;
			shellScript = "diff \"${PODS_PODFILE_DIR_PATH}/Podfile.lock\" \"${PODS_ROOT}/Manifest.lock\" > /dev/null\nif [ $? != 0 ] ; then\n    # print error to STDERR\n    echo \"error: The sandbox is not in sync with the Podfile.lock. Run 'pod install' or update your CocoaPods installation.\" >&2\n    exit 1\nfi\n# This output is used by Xcode 'outputs' to avoid re-running this script phase.\necho \"SUCCESS\" > \"${SCRIPT_OUTPUT_FILE_0}\"\n";
			showEnvVarsInLog = 0;
		};
/* End PBXShellScriptBuildPhase section */

/* Begin PBXSourcesBuildPhase section */
		FFDF7F9125F030A800299892 /* Sources */ = {
			isa = PBXSourcesBuildPhase;
			buildActionMask = 2147483647;
			files = (
				FFDF7F9B25F030A800299892 /* ContentView.swift in Sources */,
				FFDF7F9925F030A800299892 /* KeepCompanyApp.swift in Sources */,
			);
			runOnlyForDeploymentPostprocessing = 0;
		};
		FFDF7FA225F030A900299892 /* Sources */ = {
			isa = PBXSourcesBuildPhase;
			buildActionMask = 2147483647;
			files = (
				FFDF7FAB25F030A900299892 /* KeepCompanyTests.swift in Sources */,
			);
			runOnlyForDeploymentPostprocessing = 0;
		};
		FFDF7FAD25F030A900299892 /* Sources */ = {
			isa = PBXSourcesBuildPhase;
			buildActionMask = 2147483647;
			files = (
				FFDF7FB625F030A900299892 /* KeepCompanyUITests.swift in Sources */,
			);
			runOnlyForDeploymentPostprocessing = 0;
		};
/* End PBXSourcesBuildPhase section */

/* Begin PBXTargetDependency section */
		FFDF7FA825F030A900299892 /* PBXTargetDependency */ = {
			isa = PBXTargetDependency;
			target = FFDF7F9425F030A800299892 /* KeepCompany */;
			targetProxy = FFDF7FA725F030A900299892 /* PBXContainerItemProxy */;
		};
		FFDF7FB325F030A900299892 /* PBXTargetDependency */ = {
			isa = PBXTargetDependency;
			target = FFDF7F9425F030A800299892 /* KeepCompany */;
			targetProxy = FFDF7FB225F030A900299892 /* PBXContainerItemProxy */;
		};
/* End PBXTargetDependency section */

/* Begin XCBuildConfiguration section */
		FFDF7FB825F030A900299892 /* Debug */ = {
			isa = XCBuildConfiguration;
			buildSettings = {
				ALWAYS_SEARCH_USER_PATHS = NO;
				CLANG_ANALYZER_NONNULL = YES;
				CLANG_ANALYZER_NUMBER_OBJECT_CONVERSION = YES_AGGRESSIVE;
				CLANG_CXX_LANGUAGE_STANDARD = "gnu++14";
				CLANG_CXX_LIBRARY = "libc++";
				CLANG_ENABLE_MODULES = YES;
				CLANG_ENABLE_OBJC_ARC = YES;
				CLANG_ENABLE_OBJC_WEAK = YES;
				CLANG_WARN_BLOCK_CAPTURE_AUTORELEASING = YES;
				CLANG_WARN_BOOL_CONVERSION = YES;
				CLANG_WARN_COMMA = YES;
				CLANG_WARN_CONSTANT_CONVERSION = YES;
				CLANG_WARN_DEPRECATED_OBJC_IMPLEMENTATIONS = YES;
				CLANG_WARN_DIRECT_OBJC_ISA_USAGE = YES_ERROR;
				CLANG_WARN_DOCUMENTATION_COMMENTS = YES;
				CLANG_WARN_EMPTY_BODY = YES;
				CLANG_WARN_ENUM_CONVERSION = YES;
				CLANG_WARN_INFINITE_RECURSION = YES;
				CLANG_WARN_INT_CONVERSION = YES;
				CLANG_WARN_NON_LITERAL_NULL_CONVERSION = YES;
				CLANG_WARN_OBJC_IMPLICIT_RETAIN_SELF = YES;
				CLANG_WARN_OBJC_LITERAL_CONVERSION = YES;
				CLANG_WARN_OBJC_ROOT_CLASS = YES_ERROR;
				CLANG_WARN_QUOTED_INCLUDE_IN_FRAMEWORK_HEADER = YES;
				CLANG_WARN_RANGE_LOOP_ANALYSIS = YES;
				CLANG_WARN_STRICT_PROTOTYPES = YES;
				CLANG_WARN_SUSPICIOUS_MOVE = YES;
				CLANG_WARN_UNGUARDED_AVAILABILITY = YES_AGGRESSIVE;
				CLANG_WARN_UNREACHABLE_CODE = YES;
				CLANG_WARN__DUPLICATE_METHOD_MATCH = YES;
				COPY_PHASE_STRIP = NO;
				DEBUG_INFORMATION_FORMAT = dwarf;
				ENABLE_STRICT_OBJC_MSGSEND = YES;
				ENABLE_TESTABILITY = YES;
				GCC_C_LANGUAGE_STANDARD = gnu11;
				GCC_DYNAMIC_NO_PIC = NO;
				GCC_NO_COMMON_BLOCKS = YES;
				GCC_OPTIMIZATION_LEVEL = 0;
				GCC_PREPROCESSOR_DEFINITIONS = (
					"DEBUG=1",
					"$(inherited)",
				);
				GCC_WARN_64_TO_32_BIT_CONVERSION = YES;
				GCC_WARN_ABOUT_RETURN_TYPE = YES_ERROR;
				GCC_WARN_UNDECLARED_SELECTOR = YES;
				GCC_WARN_UNINITIALIZED_AUTOS = YES_AGGRESSIVE;
				GCC_WARN_UNUSED_FUNCTION = YES;
				GCC_WARN_UNUSED_VARIABLE = YES;
				IPHONEOS_DEPLOYMENT_TARGET = 14.4;
				MTL_ENABLE_DEBUG_INFO = INCLUDE_SOURCE;
				MTL_FAST_MATH = YES;
				ONLY_ACTIVE_ARCH = YES;
				SDKROOT = iphoneos;
				SWIFT_ACTIVE_COMPILATION_CONDITIONS = DEBUG;
				SWIFT_OPTIMIZATION_LEVEL = "-Onone";
			};
			name = Debug;
		};
		FFDF7FB925F030A900299892 /* Release */ = {
			isa = XCBuildConfiguration;
			buildSettings = {
				ALWAYS_SEARCH_USER_PATHS = NO;
				CLANG_ANALYZER_NONNULL = YES;
				CLANG_ANALYZER_NUMBER_OBJECT_CONVERSION = YES_AGGRESSIVE;
				CLANG_CXX_LANGUAGE_STANDARD = "gnu++14";
				CLANG_CXX_LIBRARY = "libc++";
				CLANG_ENABLE_MODULES = YES;
				CLANG_ENABLE_OBJC_ARC = YES;
				CLANG_ENABLE_OBJC_WEAK = YES;
				CLANG_WARN_BLOCK_CAPTURE_AUTORELEASING = YES;
				CLANG_WARN_BOOL_CONVERSION = YES;
				CLANG_WARN_COMMA = YES;
				CLANG_WARN_CONSTANT_CONVERSION = YES;
				CLANG_WARN_DEPRECATED_OBJC_IMPLEMENTATIONS = YES;
				CLANG_WARN_DIRECT_OBJC_ISA_USAGE = YES_ERROR;
				CLANG_WARN_DOCUMENTATION_COMMENTS = YES;
				CLANG_WARN_EMPTY_BODY = YES;
				CLANG_WARN_ENUM_CONVERSION = YES;
				CLANG_WARN_INFINITE_RECURSION = YES;
				CLANG_WARN_INT_CONVERSION = YES;
				CLANG_WARN_NON_LITERAL_NULL_CONVERSION = YES;
				CLANG_WARN_OBJC_IMPLICIT_RETAIN_SELF = YES;
				CLANG_WARN_OBJC_LITERAL_CONVERSION = YES;
				CLANG_WARN_OBJC_ROOT_CLASS = YES_ERROR;
				CLANG_WARN_QUOTED_INCLUDE_IN_FRAMEWORK_HEADER = YES;
				CLANG_WARN_RANGE_LOOP_ANALYSIS = YES;
				CLANG_WARN_STRICT_PROTOTYPES = YES;
				CLANG_WARN_SUSPICIOUS_MOVE = YES;
				CLANG_WARN_UNGUARDED_AVAILABILITY = YES_AGGRESSIVE;
				CLANG_WARN_UNREACHABLE_CODE = YES;
				CLANG_WARN__DUPLICATE_METHOD_MATCH = YES;
				COPY_PHASE_STRIP = NO;
				DEBUG_INFORMATION_FORMAT = "dwarf-with-dsym";
				ENABLE_NS_ASSERTIONS = NO;
				ENABLE_STRICT_OBJC_MSGSEND = YES;
				GCC_C_LANGUAGE_STANDARD = gnu11;
				GCC_NO_COMMON_BLOCKS = YES;
				GCC_WARN_64_TO_32_BIT_CONVERSION = YES;
				GCC_WARN_ABOUT_RETURN_TYPE = YES_ERROR;
				GCC_WARN_UNDECLARED_SELECTOR = YES;
				GCC_WARN_UNINITIALIZED_AUTOS = YES_AGGRESSIVE;
				GCC_WARN_UNUSED_FUNCTION = YES;
				GCC_WARN_UNUSED_VARIABLE = YES;
				IPHONEOS_DEPLOYMENT_TARGET = 14.4;
				MTL_ENABLE_DEBUG_INFO = NO;
				MTL_FAST_MATH = YES;
				SDKROOT = iphoneos;
				SWIFT_COMPILATION_MODE = wholemodule;
				SWIFT_OPTIMIZATION_LEVEL = "-O";
				VALIDATE_PRODUCT = YES;
			};
			name = Release;
		};
		FFDF7FBB25F030A900299892 /* Debug */ = {
			isa = XCBuildConfiguration;
			baseConfigurationReference = F48A807744034577FAD7F6CA /* Pods-KeepCompany.debug.xcconfig */;
			buildSettings = {
				ASSETCATALOG_COMPILER_APPICON_NAME = AppIcon;
				ASSETCATALOG_COMPILER_GLOBAL_ACCENT_COLOR_NAME = AccentColor;
				CODE_SIGN_STYLE = Automatic;
				DEVELOPMENT_ASSET_PATHS = "\"KeepCompany/Preview Content\"";
				ENABLE_PREVIEWS = YES;
				INFOPLIST_FILE = KeepCompany/Info.plist;
				IPHONEOS_DEPLOYMENT_TARGET = 14.0;
				LD_RUNPATH_SEARCH_PATHS = (
					"$(inherited)",
					"@executable_path/Frameworks",
				);
				PRODUCT_BUNDLE_IDENTIFIER = KP.KeepCompany;
				PRODUCT_NAME = "$(TARGET_NAME)";
				SWIFT_VERSION = 5.0;
				TARGETED_DEVICE_FAMILY = "1,2";
			};
			name = Debug;
		};
		FFDF7FBC25F030A900299892 /* Release */ = {
			isa = XCBuildConfiguration;
			baseConfigurationReference = C1F78BF54321D385619A07C4 /* Pods-KeepCompany.release.xcconfig */;
			buildSettings = {
				ASSETCATALOG_COMPILER_APPICON_NAME = AppIcon;
				ASSETCATALOG_COMPILER_GLOBAL_ACCENT_COLOR_NAME = AccentColor;
				CODE_SIGN_STYLE = Automatic;
				DEVELOPMENT_ASSET_PATHS = "\"KeepCompany/Preview Content\"";
				ENABLE_PREVIEWS = YES;
				INFOPLIST_FILE = KeepCompany/Info.plist;
				IPHONEOS_DEPLOYMENT_TARGET = 14.0;
				LD_RUNPATH_SEARCH_PATHS = (
					"$(inherited)",
					"@executable_path/Frameworks",
				);
				PRODUCT_BUNDLE_IDENTIFIER = KP.KeepCompany;
				PRODUCT_NAME = "$(TARGET_NAME)";
				SWIFT_VERSION = 5.0;
				TARGETED_DEVICE_FAMILY = "1,2";
			};
			name = Release;
		};
		FFDF7FBE25F030A900299892 /* Debug */ = {
			isa = XCBuildConfiguration;
			baseConfigurationReference = 97D76E4C9F43E776393DA3CE /* Pods-KeepCompanyTests.debug.xcconfig */;
			buildSettings = {
				ALWAYS_EMBED_SWIFT_STANDARD_LIBRARIES = YES;
				BUNDLE_LOADER = "$(TEST_HOST)";
				CODE_SIGN_STYLE = Automatic;
				INFOPLIST_FILE = KeepCompanyTests/Info.plist;
				IPHONEOS_DEPLOYMENT_TARGET = 14.0;
				LD_RUNPATH_SEARCH_PATHS = (
					"$(inherited)",
					"@executable_path/Frameworks",
					"@loader_path/Frameworks",
				);
				PRODUCT_BUNDLE_IDENTIFIER = KP.KeepCompanyTests;
				PRODUCT_NAME = "$(TARGET_NAME)";
				SWIFT_VERSION = 5.0;
				TARGETED_DEVICE_FAMILY = "1,2";
				TEST_HOST = "$(BUILT_PRODUCTS_DIR)/KeepCompany.app/KeepCompany";
			};
			name = Debug;
		};
		FFDF7FBF25F030A900299892 /* Release */ = {
			isa = XCBuildConfiguration;
			baseConfigurationReference = 404034C217015408CDDA9B7C /* Pods-KeepCompanyTests.release.xcconfig */;
			buildSettings = {
				ALWAYS_EMBED_SWIFT_STANDARD_LIBRARIES = YES;
				BUNDLE_LOADER = "$(TEST_HOST)";
				CODE_SIGN_STYLE = Automatic;
				INFOPLIST_FILE = KeepCompanyTests/Info.plist;
				IPHONEOS_DEPLOYMENT_TARGET = 14.0;
				LD_RUNPATH_SEARCH_PATHS = (
					"$(inherited)",
					"@executable_path/Frameworks",
					"@loader_path/Frameworks",
				);
				PRODUCT_BUNDLE_IDENTIFIER = KP.KeepCompanyTests;
				PRODUCT_NAME = "$(TARGET_NAME)";
				SWIFT_VERSION = 5.0;
				TARGETED_DEVICE_FAMILY = "1,2";
				TEST_HOST = "$(BUILT_PRODUCTS_DIR)/KeepCompany.app/KeepCompany";
			};
			name = Release;
		};
		FFDF7FC125F030A900299892 /* Debug */ = {
			isa = XCBuildConfiguration;
			baseConfigurationReference = 415C4A14A58B5A6C34029839 /* Pods-KeepCompany-KeepCompanyUITests.debug.xcconfig */;
			buildSettings = {
				ALWAYS_EMBED_SWIFT_STANDARD_LIBRARIES = YES;
				CODE_SIGN_STYLE = Automatic;
				INFOPLIST_FILE = KeepCompanyUITests/Info.plist;
				LD_RUNPATH_SEARCH_PATHS = (
					"$(inherited)",
					"@executable_path/Frameworks",
					"@loader_path/Frameworks",
				);
				PRODUCT_BUNDLE_IDENTIFIER = KP.KeepCompanyUITests;
				PRODUCT_NAME = "$(TARGET_NAME)";
				SWIFT_VERSION = 5.0;
				TARGETED_DEVICE_FAMILY = "1,2";
				TEST_TARGET_NAME = KeepCompany;
			};
			name = Debug;
		};
		FFDF7FC225F030A900299892 /* Release */ = {
			isa = XCBuildConfiguration;
			baseConfigurationReference = 7F381F264B7AEA919EDE5DF3 /* Pods-KeepCompany-KeepCompanyUITests.release.xcconfig */;
			buildSettings = {
				ALWAYS_EMBED_SWIFT_STANDARD_LIBRARIES = YES;
				CODE_SIGN_STYLE = Automatic;
				INFOPLIST_FILE = KeepCompanyUITests/Info.plist;
				LD_RUNPATH_SEARCH_PATHS = (
					"$(inherited)",
					"@executable_path/Frameworks",
					"@loader_path/Frameworks",
				);
				PRODUCT_BUNDLE_IDENTIFIER = KP.KeepCompanyUITests;
				PRODUCT_NAME = "$(TARGET_NAME)";
				SWIFT_VERSION = 5.0;
				TARGETED_DEVICE_FAMILY = "1,2";
				TEST_TARGET_NAME = KeepCompany;
			};
			name = Release;
		};
/* End XCBuildConfiguration section */

/* Begin XCConfigurationList section */
		FFDF7F9025F030A800299892 /* Build configuration list for PBXProject "KeepCompany" */ = {
			isa = XCConfigurationList;
			buildConfigurations = (
				FFDF7FB825F030A900299892 /* Debug */,
				FFDF7FB925F030A900299892 /* Release */,
			);
			defaultConfigurationIsVisible = 0;
			defaultConfigurationName = Release;
		};
		FFDF7FBA25F030A900299892 /* Build configuration list for PBXNativeTarget "KeepCompany" */ = {
			isa = XCConfigurationList;
			buildConfigurations = (
				FFDF7FBB25F030A900299892 /* Debug */,
				FFDF7FBC25F030A900299892 /* Release */,
			);
			defaultConfigurationIsVisible = 0;
			defaultConfigurationName = Release;
		};
		FFDF7FBD25F030A900299892 /* Build configuration list for PBXNativeTarget "KeepCompanyTests" */ = {
			isa = XCConfigurationList;
			buildConfigurations = (
				FFDF7FBE25F030A900299892 /* Debug */,
				FFDF7FBF25F030A900299892 /* Release */,
			);
			defaultConfigurationIsVisible = 0;
			defaultConfigurationName = Release;
		};
		FFDF7FC025F030A900299892 /* Build configuration list for PBXNativeTarget "KeepCompanyUITests" */ = {
			isa = XCConfigurationList;
			buildConfigurations = (
				FFDF7FC125F030A900299892 /* Debug */,
				FFDF7FC225F030A900299892 /* Release */,
			);
			defaultConfigurationIsVisible = 0;
			defaultConfigurationName = Release;
		};
/* End XCConfigurationList section */
	};
	rootObject = FFDF7F8D25F030A800299892 /* Project object */;
}
